
Microsoft Visual Studio Solution File, Format Version 12.00
# Visual Studio Version 18
VisualStudioVersion = 18.3.11408.92 d18.3
MinimumVisualStudioVersion = 10.0.40219.1
Project("{9A19103F-16F7-4668-BE54-9A1E7A4F7556}") = "NRG.Matrix", "NRG.Matrix\NRG.Matrix.csproj", "{8B4976A1-F760-4945-B0E8-10A618690D20}"
EndProject
Project("{2150E333-8FDC-42A3-9474-1A3956D46DE8}") = "Solution Items", "Solution Items", "{ED63807F-BB1B-493A-9EAC-FB85C0AB33B9}"
	ProjectSection(SolutionItems) = preProject
		..\.editorconfig = ..\.editorconfig
		..\.gitignore = ..\.gitignore
		..\LICENSE = ..\LICENSE
		..\README.md = ..\README.md
	EndProjectSection
EndProject
Global
	GlobalSection(SolutionConfigurationPlatforms) = preSolution
		Debug|Any CPU = Debug|Any CPU
		Release|Any CPU = Release|Any CPU
	EndGlobalSection
	GlobalSection(ProjectConfigurationPlatforms) = postSolution
		{8B4976A1-F760-4945-B0E8-10A618690D20}.Debug|Any CPU.ActiveCfg = Debug|Any CPU
		{8B4976A1-F760-4945-B0E8-10A618690D20}.Debug|Any CPU.Build.0 = Debug|Any CPU
		{8B4976A1-F760-4945-B0E8-10A618690D20}.Release|Any CPU.ActiveCfg = Release|Any CPU
		{8B4976A1-F760-4945-B0E8-10A618690D20}.Release|Any CPU.Build.0 = Release|Any CPU
	EndGlobalSection
	GlobalSection(SolutionProperties) = preSolution
		HideSolutionNode = FALSE
	EndGlobalSection
	GlobalSection(ExtensibilityGlobals) = postSolution
		SolutionGuid = {A2BCDF12-905D-48EE-904F-354E270A1881}
	EndGlobalSection
EndGlobal
